{
  "name": "kukan_pkg",
  "version": "1.0.0",
  "lockfileVersion": 1,
  "requires": true,
  "dependencies": {
    "@mdi/font": {
      "version": "2.7.94",
      "resolved": "https://registry.npmjs.org/@mdi/font/-/font-2.7.94.tgz",
      "integrity": "sha512-+dJLddcFbvKEBUj/d5oeDbQQKYNm8YlpbDm6TrsoVJ3+hEYcJsKyefVF/8PBSKJyvqkKuuWOcl/TnN7sFXxRIw=="
    },
    "axios": {
      "version": "0.21.2",
      "resolved": "https://registry.npmjs.org/axios/-/axios-0.21.2.tgz",
      "integrity": "sha512-87otirqUw3e8CzHTMO+/9kh/FSgXt/eVDvipijwDtEuwbkySWZ9SBm6VEubmJ/kLKEoLQV/POhxXFb66bfekfg==",
      "requires": {
        "follow-redirects": "^1.14.0"
      }
    },
    "buefy": {
      "version": "0.6.6",
      "resolved": "https://registry.npmjs.org/buefy/-/buefy-0.6.6.tgz",
      "integrity": "sha512-uXb6vlsQDFsm8llawdm5trrlFExyip+G8UKQb+UPUEWwYx8yvWUsMKdErlu6w6QIk5VPGvdS5xVDO9BL1mcKyg==",
      "requires": {
        "bulma": "0.7.1"
      },
      "dependencies": {
        "bulma": {
          "version": "0.7.1",
          "resolved": "https://registry.npmjs.org/bulma/-/bulma-0.7.1.tgz",
          "integrity": "sha512-wRSO2LXB+qI9Pyz2id+uZr4quz5aftSN7Ay1ysr1+krzVp3utD+Ci4CeKuZdrYGc800t65b7heXBL6qw2Wo/lQ=="
        }
      }
    },
    "follow-redirects": {
      "version": "1.14.7",
      "resolved": "https://registry.npmjs.org/follow-redirects/-/follow-redirects-1.14.7.tgz",
      "integrity": "sha512-+hbxoLbFMbRKDwohX8GkTataGqO6Jb7jGwpAlwgy2bIz25XtRm7KEzJM76R1WiNT5SwZkX4Y75SwBolkpmE7iQ=="
    },
    "vue": {
      "version": "2.5.13",
      "resolved": "https://registry.npmjs.org/vue/-/vue-2.5.13.tgz",
      "integrity": "sha512-3D+lY7HTkKbtswDM4BBHgqyq+qo8IAEE8lz8va1dz3LLmttjgo0FxairO4r1iN2OBqk8o1FyL4hvzzTFEdQSEw=="
    }
  }
}
